
Microsoft Visual Studio Solution File, Format Version 12.00
# Visual Studio 15
VisualStudioVersion = 15.0.28307.645
MinimumVisualStudioVersion = 10.0.40219.1
Project("{FAE04EC0-301F-11D3-BF4B-00C04F79EFBC}") = "Liushaobin.CSharp.Demo", "Liushaobin.CSharp.Demo\Liushaobin.CSharp.Demo.csproj", "{D7EBC8AC-3DEC-4E72-84CA-2B3B77B179CE}"
EndProject
Global
	GlobalSection(SolutionConfigurationPlatforms) = preSolution
		Debug|Any CPU = Debug|Any CPU
		Release|Any CPU = Release|Any CPU
	EndGlobalSection
	GlobalSection(ProjectConfigurationPlatforms) = postSolution
		{D7EBC8AC-3DEC-4E72-84CA-2B3B77B179CE}.Debug|Any CPU.ActiveCfg = Debug|Any CPU
		{D7EBC8AC-3DEC-4E72-84CA-2B3B77B179CE}.Debug|Any CPU.Build.0 = Debug|Any CPU
		{D7EBC8AC-3DEC-4E72-84CA-2B3B77B179CE}.Release|Any CPU.ActiveCfg = Release|Any CPU
		{D7EBC8AC-3DEC-4E72-84CA-2B3B77B179CE}.Release|Any CPU.Build.0 = Release|Any CPU
	EndGlobalSection
	GlobalSection(SolutionProperties) = preSolution
		HideSolutionNode = FALSE
	EndGlobalSection
	GlobalSection(ExtensibilityGlobals) = postSolution
		SolutionGuid = {D361E1E3-A4F1-483C-B3B4-AA5B12E17B1F}
	EndGlobalSection
EndGlobal
